
Microsoft Visual Studio Solution File, Format Version 12.00
# Visual Studio Version 16
VisualStudioVersion = 16.0.30320.27
MinimumVisualStudioVersion = 10.0.40219.1
Project("{FAE04EC0-301F-11D3-BF4B-00C04F79EFBC}") = "WindowsFormsApp1", "WindowsFormsApp1\WindowsFormsApp1.csproj", "{5BDCD300-3454-4A2C-AC89-306B44C83509}"
EndProject
Project("{FAE04EC0-301F-11D3-BF4B-00C04F79EFBC}") = "ConsoleApp1", "ConsoleApp1\ConsoleApp1.csproj", "{A12F6148-899B-43E7-99DC-69BB34C4D9BC}"
EndProject
Project("{FAE04EC0-301F-11D3-BF4B-00C04F79EFBC}") = "WpfApp1", "WpfApp1\WpfApp1.csproj", "{6046CD7E-38BB-4B5E-AAF7-1A8D22ECA267}"
EndProject
Global
	GlobalSection(SolutionConfigurationPlatforms) = preSolution
		Debug|Any CPU = Debug|Any CPU
		Release|Any CPU = Release|Any CPU
	EndGlobalSection
	GlobalSection(ProjectConfigurationPlatforms) = postSolution
		{5BDCD300-3454-4A2C-AC89-306B44C83509}.Debug|Any CPU.ActiveCfg = Debug|Any CPU
		{5BDCD300-3454-4A2C-AC89-306B44C83509}.Debug|Any CPU.Build.0 = Debug|Any CPU
		{5BDCD300-3454-4A2C-AC89-306B44C83509}.Release|Any CPU.ActiveCfg = Release|Any CPU
		{5BDCD300-3454-4A2C-AC89-306B44C83509}.Release|Any CPU.Build.0 = Release|Any CPU
		{A12F6148-899B-43E7-99DC-69BB34C4D9BC}.Debug|Any CPU.ActiveCfg = Debug|Any CPU
		{A12F6148-899B-43E7-99DC-69BB34C4D9BC}.Debug|Any CPU.Build.0 = Debug|Any CPU
		{A12F6148-899B-43E7-99DC-69BB34C4D9BC}.Release|Any CPU.ActiveCfg = Release|Any CPU
		{A12F6148-899B-43E7-99DC-69BB34C4D9BC}.Release|Any CPU.Build.0 = Release|Any CPU
		{6046CD7E-38BB-4B5E-AAF7-1A8D22ECA267}.Debug|Any CPU.ActiveCfg = Debug|Any CPU
		{6046CD7E-38BB-4B5E-AAF7-1A8D22ECA267}.Debug|Any CPU.Build.0 = Debug|Any CPU
		{6046CD7E-38BB-4B5E-AAF7-1A8D22ECA267}.Release|Any CPU.ActiveCfg = Release|Any CPU
		{6046CD7E-38BB-4B5E-AAF7-1A8D22ECA267}.Release|Any CPU.Build.0 = Release|Any CPU
	EndGlobalSection
	GlobalSection(SolutionProperties) = preSolution
		HideSolutionNode = FALSE
	EndGlobalSection
	GlobalSection(ExtensibilityGlobals) = postSolution
		SolutionGuid = {D3BA10EF-3DC5-4BA2-92EE-9A429B920EF3}
	EndGlobalSection
EndGlobal
